<Solution>
  <Project Path="../SomeWebapi1/SomeWebapi1/SomeWebapi1.csproj" />
  <Project Path="Aspire.ApiService/Aspire.ApiService.csproj" />
  <Project Path="Aspire.AppHost/Aspire.AppHost.csproj" />
  <Project Path="Aspire.ServiceDefaults/Aspire.ServiceDefaults.csproj" />
  <Project Path="Aspire.Web/Aspire.Web.csproj" />
</Solution>
